// !$*UTF8*$!
{
	archiveVersion = 1;
	classes = {
	};
	objectVersion = 50;
	objects = {

/* Begin PBXBuildFile section */
		BC503907209E943D000402D0 /* LicitacaoDetalheVC.swift in Sources */ = {isa = PBXBuildFile; fileRef = BC503906209E943D000402D0 /* LicitacaoDetalheVC.swift */; };
		BC82A07B209C839E0069B8FD /* RoundedButton.swift in Sources */ = {isa = PBXBuildFile; fileRef = BC82A07A209C839E0069B8FD /* RoundedButton.swift */; };
		BC82A07E209C86880069B8FD /* Constants.swift in Sources */ = {isa = PBXBuildFile; fileRef = BC82A07D209C86880069B8FD /* Constants.swift */; };
		BC82A080209C86AC0069B8FD /* CircleView.swift in Sources */ = {isa = PBXBuildFile; fileRef = BC82A07F209C86AC0069B8FD /* CircleView.swift */; };
		BC82A084209C93AB0069B8FD /* TextField.swift in Sources */ = {isa = PBXBuildFile; fileRef = BC82A083209C93AB0069B8FD /* TextField.swift */; };
		BC82A086209E026F0069B8FD /* LicitacaoCell.swift in Sources */ = {isa = PBXBuildFile; fileRef = BC82A085209E026F0069B8FD /* LicitacaoCell.swift */; };
		BC82A089209E02CA0069B8FD /* LicitacaoVC.swift in Sources */ = {isa = PBXBuildFile; fileRef = BC82A088209E02CA0069B8FD /* LicitacaoVC.swift */; };
		BC82A08B209E09540069B8FD /* DataService.swift in Sources */ = {isa = PBXBuildFile; fileRef = BC82A08A209E09540069B8FD /* DataService.swift */; };
		BC82A08D209E09A20069B8FD /* Licitacoes.swift in Sources */ = {isa = PBXBuildFile; fileRef = BC82A08C209E09A20069B8FD /* Licitacoes.swift */; };
		BC82A08F209E106C0069B8FD /* Post.swift in Sources */ = {isa = PBXBuildFile; fileRef = BC82A08E209E106C0069B8FD /* Post.swift */; };
		BCCB006F209E23B3003F7BE8 /* GoogleService-Info.plist in Resources */ = {isa = PBXBuildFile; fileRef = BCCB006E209E23B3003F7BE8 /* GoogleService-Info.plist */; };
		BCCB0071209E30F4003F7BE8 /* PostsVC.swift in Sources */ = {isa = PBXBuildFile; fileRef = BCCB0070209E30F4003F7BE8 /* PostsVC.swift */; };
		BCCB0073209E3132003F7BE8 /* PostsCell.swift in Sources */ = {isa = PBXBuildFile; fileRef = BCCB0072209E3132003F7BE8 /* PostsCell.swift */; };
		BCCB0078209E3CB9003F7BE8 /* ChatVC.swift in Sources */ = {isa = PBXBuildFile; fileRef = BCCB0077209E3CB9003F7BE8 /* ChatVC.swift */; };
		BCCB007A209E87C4003F7BE8 /* Assets.xcassets in Resources */ = {isa = PBXBuildFile; fileRef = BCCB0079209E87C4003F7BE8 /* Assets.xcassets */; };
		BCE29B472090F429000752A8 /* AppDelegate.swift in Sources */ = {isa = PBXBuildFile; fileRef = BCE29B462090F429000752A8 /* AppDelegate.swift */; };
		BCE29B492090F429000752A8 /* LoginVC.swift in Sources */ = {isa = PBXBuildFile; fileRef = BCE29B482090F429000752A8 /* LoginVC.swift */; };
		BCE29B4C2090F429000752A8 /* Main.storyboard in Resources */ = {isa = PBXBuildFile; fileRef = BCE29B4A2090F429000752A8 /* Main.storyboard */; };
		BCE29B512090F42B000752A8 /* LaunchScreen.storyboard in Resources */ = {isa = PBXBuildFile; fileRef = BCE29B4F2090F42B000752A8 /* LaunchScreen.storyboard */; };
		C60795C19112D0C265EE2F87 /* Pods_Hackathon_Contas_SP_2018.framework in Frameworks */ = {isa = PBXBuildFile; fileRef = 85C198C52A2A0FB511A2ED15 /* Pods_Hackathon_Contas_SP_2018.framework */; };
/* End PBXBuildFile section */

/* Begin PBXFileReference section */
		85C198C52A2A0FB511A2ED15 /* Pods_Hackathon_Contas_SP_2018.framework */ = {isa = PBXFileReference; explicitFileType = wrapper.framework; includeInIndex = 0; path = Pods_Hackathon_Contas_SP_2018.framework; sourceTree = BUILT_PRODUCTS_DIR; };
		949873D32ED5B55D7EDF4D98 /* Pods-Hackathon_Contas_SP_2018.release.xcconfig */ = {isa = PBXFileReference; includeInIndex = 1; lastKnownFileType = text.xcconfig; name = "Pods-Hackathon_Contas_SP_2018.release.xcconfig"; path = "Pods/Target Support Files/Pods-Hackathon_Contas_SP_2018/Pods-Hackathon_Contas_SP_2018.release.xcconfig"; sourceTree = "<group>"; };
		BC503906209E943D000402D0 /* LicitacaoDetalheVC.swift */ = {isa = PBXFileReference; lastKnownFileType = sourcecode.swift; path = LicitacaoDetalheVC.swift; sourceTree = "<group>"; };
		BC82A07A209C839E0069B8FD /* RoundedButton.swift */ = {isa = PBXFileReference; lastKnownFileType = sourcecode.swift; path = RoundedButton.swift; sourceTree = "<group>"; };
		BC82A07D209C86880069B8FD /* Constants.swift */ = {isa = PBXFileReference; lastKnownFileType = sourcecode.swift; path = Constants.swift; sourceTree = "<group>"; };
		BC82A07F209C86AC0069B8FD /* CircleView.swift */ = {isa = PBXFileReference; lastKnownFileType = sourcecode.swift; path = CircleView.swift; sourceTree = "<group>"; };
		BC82A083209C93AB0069B8FD /* TextField.swift */ = {isa = PBXFileReference; lastKnownFileType = sourcecode.swift; path = TextField.swift; sourceTree = "<group>"; };
		BC82A085209E026F0069B8FD /* LicitacaoCell.swift */ = {isa = PBXFileReference; lastKnownFileType = sourcecode.swift; path = LicitacaoCell.swift; sourceTree = "<group>"; };
		BC82A088209E02CA0069B8FD /* LicitacaoVC.swift */ = {isa = PBXFileReference; lastKnownFileType = sourcecode.swift; path = LicitacaoVC.swift; sourceTree = "<group>"; };
		BC82A08A209E09540069B8FD /* DataService.swift */ = {isa = PBXFileReference; lastKnownFileType = sourcecode.swift; path = DataService.swift; sourceTree = "<group>"; };
		BC82A08C209E09A20069B8FD /* Licitacoes.swift */ = {isa = PBXFileReference; lastKnownFileType = sourcecode.swift; path = Licitacoes.swift; sourceTree = "<group>"; };
		BC82A08E209E106C0069B8FD /* Post.swift */ = {isa = PBXFileReference; lastKnownFileType = sourcecode.swift; path = Post.swift; sourceTree = "<group>"; };
		BCCB006E209E23B3003F7BE8 /* GoogleService-Info.plist */ = {isa = PBXFileReference; fileEncoding = 4; lastKnownFileType = text.plist.xml; path = "GoogleService-Info.plist"; sourceTree = "<group>"; };
		BCCB0070209E30F4003F7BE8 /* PostsVC.swift */ = {isa = PBXFileReference; lastKnownFileType = sourcecode.swift; path = PostsVC.swift; sourceTree = "<group>"; };
		BCCB0072209E3132003F7BE8 /* PostsCell.swift */ = {isa = PBXFileReference; lastKnownFileType = sourcecode.swift; path = PostsCell.swift; sourceTree = "<group>"; };
		BCCB0074209E3BE1003F7BE8 /* Bridging-Header.h */ = {isa = PBXFileReference; lastKnownFileType = sourcecode.c.h; path = "Bridging-Header.h"; sourceTree = "<group>"; };
		BCCB0077209E3CB9003F7BE8 /* ChatVC.swift */ = {isa = PBXFileReference; lastKnownFileType = sourcecode.swift; path = ChatVC.swift; sourceTree = "<group>"; };
		BCCB0079209E87C4003F7BE8 /* Assets.xcassets */ = {isa = PBXFileReference; lastKnownFileType = folder.assetcatalog; path = Assets.xcassets; sourceTree = "<group>"; };
		BCD926EF2093760900CB9489 /* Hackathon_Contas_SP_2018.entitlements */ = {isa = PBXFileReference; lastKnownFileType = text.plist.entitlements; path = Hackathon_Contas_SP_2018.entitlements; sourceTree = "<group>"; };
		BCE29B432090F429000752A8 /* LiciTae.app */ = {isa = PBXFileReference; explicitFileType = wrapper.application; includeInIndex = 0; path = LiciTae.app; sourceTree = BUILT_PRODUCTS_DIR; };
		BCE29B462090F429000752A8 /* AppDelegate.swift */ = {isa = PBXFileReference; lastKnownFileType = sourcecode.swift; path = AppDelegate.swift; sourceTree = "<group>"; };
		BCE29B482090F429000752A8 /* LoginVC.swift */ = {isa = PBXFileReference; lastKnownFileType = sourcecode.swift; path = LoginVC.swift; sourceTree = "<group>"; };
		BCE29B4B2090F429000752A8 /* Base */ = {isa = PBXFileReference; lastKnownFileType = file.storyboard; name = Base; path = Base.lproj/Main.storyboard; sourceTree = "<group>"; };
		BCE29B502090F42B000752A8 /* Base */ = {isa = PBXFileReference; lastKnownFileType = file.storyboard; name = Base; path = Base.lproj/LaunchScreen.storyboard; sourceTree = "<group>"; };
		BCE29B522090F42B000752A8 /* Info.plist */ = {isa = PBXFileReference; lastKnownFileType = text.plist.xml; path = Info.plist; sourceTree = "<group>"; };
		C7951F2AFF0A4A8366B10C19 /* Pods-Hackathon_Contas_SP_2018.debug.xcconfig */ = {isa = PBXFileReference; includeInIndex = 1; lastKnownFileType = text.xcconfig; name = "Pods-Hackathon_Contas_SP_2018.debug.xcconfig"; path = "Pods/Target Support Files/Pods-Hackathon_Contas_SP_2018/Pods-Hackathon_Contas_SP_2018.debug.xcconfig"; sourceTree = "<group>"; };
/* End PBXFileReference section */

/* Begin PBXFrameworksBuildPhase section */
		BCE29B402090F429000752A8 /* Frameworks */ = {
			isa = PBXFrameworksBuildPhase;
			buildActionMask = 2147483647;
			files = (
				C60795C19112D0C265EE2F87 /* Pods_Hackathon_Contas_SP_2018.framework in Frameworks */,
			);
			runOnlyForDeploymentPostprocessing = 0;
		};
/* End PBXFrameworksBuildPhase section */

/* Begin PBXGroup section */
		61BFDCDE8E0F46565EC935AB /* Pods */ = {
			isa = PBXGroup;
			children = (
				C7951F2AFF0A4A8366B10C19 /* Pods-Hackathon_Contas_SP_2018.debug.xcconfig */,
				949873D32ED5B55D7EDF4D98 /* Pods-Hackathon_Contas_SP_2018.release.xcconfig */,
			);
			name = Pods;
			sourceTree = "<group>";
		};
		BC82A079209C838A0069B8FD /* Custom */ = {
			isa = PBXGroup;
			children = (
				BC82A07A209C839E0069B8FD /* RoundedButton.swift */,
				BC82A07F209C86AC0069B8FD /* CircleView.swift */,
				BC82A083209C93AB0069B8FD /* TextField.swift */,
			);
			path = Custom;
			sourceTree = "<group>";
		};
		BC82A07C209C866F0069B8FD /* Util */ = {
			isa = PBXGroup;
			children = (
				BC82A07D209C86880069B8FD /* Constants.swift */,
				BC82A08A209E09540069B8FD /* DataService.swift */,
			);
			path = Util;
			sourceTree = "<group>";
		};
		BC82A081209C86C00069B8FD /* Datasource */ = {
			isa = PBXGroup;
			children = (
				BC82A08C209E09A20069B8FD /* Licitacoes.swift */,
				BC82A08E209E106C0069B8FD /* Post.swift */,
			);
			path = Datasource;
			sourceTree = "<group>";
		};
		BC82A082209C86CB0069B8FD /* Controller */ = {
			isa = PBXGroup;
			children = (
				BCE29B482090F429000752A8 /* LoginVC.swift */,
				BC82A085209E026F0069B8FD /* LicitacaoCell.swift */,
				BC82A088209E02CA0069B8FD /* LicitacaoVC.swift */,
				BCCB0070209E30F4003F7BE8 /* PostsVC.swift */,
				BCCB0072209E3132003F7BE8 /* PostsCell.swift */,
				BCCB0077209E3CB9003F7BE8 /* ChatVC.swift */,
				BC503906209E943D000402D0 /* LicitacaoDetalheVC.swift */,
			);
			path = Controller;
			sourceTree = "<group>";
		};
		BCE29B3A2090F429000752A8 = {
			isa = PBXGroup;
			children = (
				BCE29B452090F429000752A8 /* Hackathon_Contas_SP_2018 */,
				BCE29B442090F429000752A8 /* Products */,
				61BFDCDE8E0F46565EC935AB /* Pods */,
				F3F8BE3EA9B0096EEB43C8E2 /* Frameworks */,
			);
			sourceTree = "<group>";
		};
		BCE29B442090F429000752A8 /* Products */ = {
			isa = PBXGroup;
			children = (
				BCE29B432090F429000752A8 /* LiciTae.app */,
			);
			name = Products;
			sourceTree = "<group>";
		};
		BCE29B452090F429000752A8 /* Hackathon_Contas_SP_2018 */ = {
			isa = PBXGroup;
			children = (
				BC82A082209C86CB0069B8FD /* Controller */,
				BC82A081209C86C00069B8FD /* Datasource */,
				BC82A07C209C866F0069B8FD /* Util */,
				BC82A079209C838A0069B8FD /* Custom */,
				BCD926EF2093760900CB9489 /* Hackathon_Contas_SP_2018.entitlements */,
				BCE29B462090F429000752A8 /* AppDelegate.swift */,
				BCE29B4A2090F429000752A8 /* Main.storyboard */,
				BCE29B4F2090F42B000752A8 /* LaunchScreen.storyboard */,
				BCE29B522090F42B000752A8 /* Info.plist */,
				BCCB006E209E23B3003F7BE8 /* GoogleService-Info.plist */,
				BCCB0074209E3BE1003F7BE8 /* Bridging-Header.h */,
				BCCB0079209E87C4003F7BE8 /* Assets.xcassets */,
			);
			path = Hackathon_Contas_SP_2018;
			sourceTree = "<group>";
		};
		F3F8BE3EA9B0096EEB43C8E2 /* Frameworks */ = {
			isa = PBXGroup;
			children = (
				85C198C52A2A0FB511A2ED15 /* Pods_Hackathon_Contas_SP_2018.framework */,
			);
			name = Frameworks;
			sourceTree = "<group>";
		};
/* End PBXGroup section */

/* Begin PBXNativeTarget section */
		BCE29B422090F429000752A8 /* Hackathon_Contas_SP_2018 */ = {
			isa = PBXNativeTarget;
			buildConfigurationList = BCE29B552090F42B000752A8 /* Build configuration list for PBXNativeTarget "Hackathon_Contas_SP_2018" */;
			buildPhases = (
				78F6B1983C37D22DE50CF352 /* [CP] Check Pods Manifest.lock */,
				BCE29B3F2090F429000752A8 /* Sources */,
				BCE29B402090F429000752A8 /* Frameworks */,
				BCE29B412090F429000752A8 /* Resources */,
				9BA7A33B409802F67DA5E48C /* [CP] Embed Pods Frameworks */,
			);
			buildRules = (
			);
			dependencies = (
			);
			name = Hackathon_Contas_SP_2018;
			productName = Hackathon_Contas_SP_2018;
			productReference = BCE29B432090F429000752A8 /* LiciTae.app */;
			productType = "com.apple.product-type.application";
		};
/* End PBXNativeTarget section */

/* Begin PBXProject section */
		BCE29B3B2090F429000752A8 /* Project object */ = {
			isa = PBXProject;
			attributes = {
				LastSwiftUpdateCheck = 0930;
				LastUpgradeCheck = 0930;
				ORGANIZATIONNAME = "Carlos Doki";
				TargetAttributes = {
					BCE29B422090F429000752A8 = {
						CreatedOnToolsVersion = 9.3;
						SystemCapabilities = {
							com.apple.Push = {
								enabled = 0;
							};
						};
					};
				};
			};
			buildConfigurationList = BCE29B3E2090F429000752A8 /* Build configuration list for PBXProject "Hackathon_Contas_SP_2018" */;
			compatibilityVersion = "Xcode 9.3";
			developmentRegion = en;
			hasScannedForEncodings = 0;
			knownRegions = (
				en,
				Base,
			);
			mainGroup = BCE29B3A2090F429000752A8;
			productRefGroup = BCE29B442090F429000752A8 /* Products */;
			projectDirPath = "";
			projectRoot = "";
			targets = (
				BCE29B422090F429000752A8 /* Hackathon_Contas_SP_2018 */,
			);
		};
/* End PBXProject section */

/* Begin PBXResourcesBuildPhase section */
		BCE29B412090F429000752A8 /* Resources */ = {
			isa = PBXResourcesBuildPhase;
			buildActionMask = 2147483647;
			files = (
				BCE29B512090F42B000752A8 /* LaunchScreen.storyboard in Resources */,
				BCCB006F209E23B3003F7BE8 /* GoogleService-Info.plist in Resources */,
				BCCB007A209E87C4003F7BE8 /* Assets.xcassets in Resources */,
				BCE29B4C2090F429000752A8 /* Main.storyboard in Resources */,
			);
			runOnlyForDeploymentPostprocessing = 0;
		};
/* End PBXResourcesBuildPhase section */

/* Begin PBXShellScriptBuildPhase section */
		78F6B1983C37D22DE50CF352 /* [CP] Check Pods Manifest.lock */ = {
			isa = PBXShellScriptBuildPhase;
			buildActionMask = 2147483647;
			files = (
			);
			inputPaths = (
				"${PODS_PODFILE_DIR_PATH}/Podfile.lock",
				"${PODS_ROOT}/Manifest.lock",
			);
			name = "[CP] Check Pods Manifest.lock";
			outputPaths = (
				"$(DERIVED_FILE_DIR)/Pods-Hackathon_Contas_SP_2018-checkManifestLockResult.txt",
			);
			runOnlyForDeploymentPostprocessing = 0;
			shellPath = /bin/sh;
			shellScript = "diff \"${PODS_PODFILE_DIR_PATH}/Podfile.lock\" \"${PODS_ROOT}/Manifest.lock\" > /dev/null\nif [ $? != 0 ] ; then\n    # print error to STDERR\n    echo \"error: The sandbox is not in sync with the Podfile.lock. Run 'pod install' or update your CocoaPods installation.\" >&2\n    exit 1\nfi\n# This output is used by Xcode 'outputs' to avoid re-running this script phase.\necho \"SUCCESS\" > \"${SCRIPT_OUTPUT_FILE_0}\"\n";
			showEnvVarsInLog = 0;
		};
		9BA7A33B409802F67DA5E48C /* [CP] Embed Pods Frameworks */ = {
			isa = PBXShellScriptBuildPhase;
			buildActionMask = 2147483647;
			files = (
			);
			inputPaths = (
				"${SRCROOT}/Pods/Target Support Files/Pods-Hackathon_Contas_SP_2018/Pods-Hackathon_Contas_SP_2018-frameworks.sh",
				"${BUILT_PRODUCTS_DIR}/Alamofire/Alamofire.framework",
				"${BUILT_PRODUCTS_DIR}/GTMSessionFetcher/GTMSessionFetcher.framework",
				"${BUILT_PRODUCTS_DIR}/GoogleToolboxForMac/GoogleToolboxForMac.framework",
				"${BUILT_PRODUCTS_DIR}/JSQMessagesViewController/JSQMessagesViewController.framework",
				"${BUILT_PRODUCTS_DIR}/JSQSystemSoundPlayer/JSQSystemSoundPlayer.framework",
				"${BUILT_PRODUCTS_DIR}/Protobuf/Protobuf.framework",
				"${BUILT_PRODUCTS_DIR}/SwiftKeychainWrapper/SwiftKeychainWrapper.framework",
				"${BUILT_PRODUCTS_DIR}/leveldb-library/leveldb.framework",
				"${BUILT_PRODUCTS_DIR}/nanopb/nanopb.framework",
			);
			name = "[CP] Embed Pods Frameworks";
			outputPaths = (
				"${TARGET_BUILD_DIR}/${FRAMEWORKS_FOLDER_PATH}/Alamofire.framework",
				"${TARGET_BUILD_DIR}/${FRAMEWORKS_FOLDER_PATH}/GTMSessionFetcher.framework",
				"${TARGET_BUILD_DIR}/${FRAMEWORKS_FOLDER_PATH}/GoogleToolboxForMac.framework",
				"${TARGET_BUILD_DIR}/${FRAMEWORKS_FOLDER_PATH}/JSQMessagesViewController.framework",
				"${TARGET_BUILD_DIR}/${FRAMEWORKS_FOLDER_PATH}/JSQSystemSoundPlayer.framework",
				"${TARGET_BUILD_DIR}/${FRAMEWORKS_FOLDER_PATH}/Protobuf.framework",
				"${TARGET_BUILD_DIR}/${FRAMEWORKS_FOLDER_PATH}/SwiftKeychainWrapper.framework",
				"${TARGET_BUILD_DIR}/${FRAMEWORKS_FOLDER_PATH}/leveldb.framework",
				"${TARGET_BUILD_DIR}/${FRAMEWORKS_FOLDER_PATH}/nanopb.framework",
			);
			runOnlyForDeploymentPostprocessing = 0;
			shellPath = /bin/sh;
			shellScript = "\"${SRCROOT}/Pods/Target Support Files/Pods-Hackathon_Contas_SP_2018/Pods-Hackathon_Contas_SP_2018-frameworks.sh\"\n";
			showEnvVarsInLog = 0;
		};
/* End PBXShellScriptBuildPhase section */

/* Begin PBXSourcesBuildPhase section */
		BCE29B3F2090F429000752A8 /* Sources */ = {
			isa = PBXSourcesBuildPhase;
			buildActionMask = 2147483647;
			files = (
				BC82A08B209E09540069B8FD /* DataService.swift in Sources */,
				BCCB0073209E3132003F7BE8 /* PostsCell.swift in Sources */,
				BC82A08F209E106C0069B8FD /* Post.swift in Sources */,
				BCCB0071209E30F4003F7BE8 /* PostsVC.swift in Sources */,
				BC82A08D209E09A20069B8FD /* Licitacoes.swift in Sources */,
				BC503907209E943D000402D0 /* LicitacaoDetalheVC.swift in Sources */,
				BCE29B492090F429000752A8 /* LoginVC.swift in Sources */,
				BC82A080209C86AC0069B8FD /* CircleView.swift in Sources */,
				BC82A07B209C839E0069B8FD /* RoundedButton.swift in Sources */,
				BCCB0078209E3CB9003F7BE8 /* ChatVC.swift in Sources */,
				BC82A084209C93AB0069B8FD /* TextField.swift in Sources */,
				BCE29B472090F429000752A8 /* AppDelegate.swift in Sources */,
				BC82A086209E026F0069B8FD /* LicitacaoCell.swift in Sources */,
				BC82A089209E02CA0069B8FD /* LicitacaoVC.swift in Sources */,
				BC82A07E209C86880069B8FD /* Constants.swift in Sources */,
			);
			runOnlyForDeploymentPostprocessing = 0;
		};
/* End PBXSourcesBuildPhase section */

/* Begin PBXVariantGroup section */
		BCE29B4A2090F429000752A8 /* Main.storyboard */ = {
			isa = PBXVariantGroup;
			children = (
				BCE29B4B2090F429000752A8 /* Base */,
			);
			name = Main.storyboard;
			sourceTree = "<group>";
		};
		BCE29B4F2090F42B000752A8 /* LaunchScreen.storyboard */ = {
			isa = PBXVariantGroup;
			children = (
				BCE29B502090F42B000752A8 /* Base */,
			);
			name = LaunchScreen.storyboard;
			sourceTree = "<group>";
		};
/* End PBXVariantGroup section */

/* Begin XCBuildConfiguration section */
		BCE29B532090F42B000752A8 /* Debug */ = {
			isa = XCBuildConfiguration;
			buildSettings = {
				ALWAYS_SEARCH_USER_PATHS = NO;
				CLANG_ANALYZER_NONNULL = YES;
				CLANG_ANALYZER_NUMBER_OBJECT_CONVERSION = YES_AGGRESSIVE;
				CLANG_CXX_LANGUAGE_STANDARD = "gnu++14";
				CLANG_CXX_LIBRARY = "libc++";
				CLANG_ENABLE_MODULES = YES;
				CLANG_ENABLE_OBJC_ARC = YES;
				CLANG_ENABLE_OBJC_WEAK = YES;
				CLANG_WARN_BLOCK_CAPTURE_AUTORELEASING = YES;
				CLANG_WARN_BOOL_CONVERSION = YES;
				CLANG_WARN_COMMA = YES;
				CLANG_WARN_CONSTANT_CONVERSION = YES;
				CLANG_WARN_DEPRECATED_OBJC_IMPLEMENTATIONS = YES;
				CLANG_WARN_DIRECT_OBJC_ISA_USAGE = YES_ERROR;
				CLANG_WARN_DOCUMENTATION_COMMENTS = YES;
				CLANG_WARN_EMPTY_BODY = YES;
				CLANG_WARN_ENUM_CONVERSION = YES;
				CLANG_WARN_INFINITE_RECURSION = YES;
				CLANG_WARN_INT_CONVERSION = YES;
				CLANG_WARN_NON_LITERAL_NULL_CONVERSION = YES;
				CLANG_WARN_OBJC_IMPLICIT_RETAIN_SELF = YES;
				CLANG_WARN_OBJC_LITERAL_CONVERSION = YES;
				CLANG_WARN_OBJC_ROOT_CLASS = YES_ERROR;
				CLANG_WARN_RANGE_LOOP_ANALYSIS = YES;
				CLANG_WARN_STRICT_PROTOTYPES = YES;
				CLANG_WARN_SUSPICIOUS_MOVE = YES;
				CLANG_WARN_UNGUARDED_AVAILABILITY = YES_AGGRESSIVE;
				CLANG_WARN_UNREACHABLE_CODE = YES;
				CLANG_WARN__DUPLICATE_METHOD_MATCH = YES;
				CODE_SIGN_IDENTITY = "iPhone Developer";
				COPY_PHASE_STRIP = NO;
				DEBUG_INFORMATION_FORMAT = dwarf;
				ENABLE_STRICT_OBJC_MSGSEND = YES;
				ENABLE_TESTABILITY = YES;
				GCC_C_LANGUAGE_STANDARD = gnu11;
				GCC_DYNAMIC_NO_PIC = NO;
				GCC_NO_COMMON_BLOCKS = YES;
				GCC_OPTIMIZATION_LEVEL = 0;
				GCC_PREPROCESSOR_DEFINITIONS = (
					"DEBUG=1",
					"$(inherited)",
				);
				GCC_WARN_64_TO_32_BIT_CONVERSION = YES;
				GCC_WARN_ABOUT_RETURN_TYPE = YES_ERROR;
				GCC_WARN_UNDECLARED_SELECTOR = YES;
				GCC_WARN_UNINITIALIZED_AUTOS = YES_AGGRESSIVE;
				GCC_WARN_UNUSED_FUNCTION = YES;
				GCC_WARN_UNUSED_VARIABLE = YES;
				IPHONEOS_DEPLOYMENT_TARGET = 11.3;
				MTL_ENABLE_DEBUG_INFO = YES;
				ONLY_ACTIVE_ARCH = YES;
				SDKROOT = iphoneos;
				SWIFT_ACTIVE_COMPILATION_CONDITIONS = DEBUG;
				SWIFT_OPTIMIZATION_LEVEL = "-Onone";
			};
			name = Debug;
		};
		BCE29B542090F42B000752A8 /* Release */ = {
			isa = XCBuildConfiguration;
			buildSettings = {
				ALWAYS_SEARCH_USER_PATHS = NO;
				CLANG_ANALYZER_NONNULL = YES;
				CLANG_ANALYZER_NUMBER_OBJECT_CONVERSION = YES_AGGRESSIVE;
				CLANG_CXX_LANGUAGE_STANDARD = "gnu++14";
				CLANG_CXX_LIBRARY = "libc++";
				CLANG_ENABLE_MODULES = YES;
				CLANG_ENABLE_OBJC_ARC = YES;
				CLANG_ENABLE_OBJC_WEAK = YES;
				CLANG_WARN_BLOCK_CAPTURE_AUTORELEASING = YES;
				CLANG_WARN_BOOL_CONVERSION = YES;
				CLANG_WARN_COMMA = YES;
				CLANG_WARN_CONSTANT_CONVERSION = YES;
				CLANG_WARN_DEPRECATED_OBJC_IMPLEMENTATIONS = YES;
				CLANG_WARN_DIRECT_OBJC_ISA_USAGE = YES_ERROR;
				CLANG_WARN_DOCUMENTATION_COMMENTS = YES;
				CLANG_WARN_EMPTY_BODY = YES;
				CLANG_WARN_ENUM_CONVERSION = YES;
				CLANG_WARN_INFINITE_RECURSION = YES;
				CLANG_WARN_INT_CONVERSION = YES;
				CLANG_WARN_NON_LITERAL_NULL_CONVERSION = YES;
				CLANG_WARN_OBJC_IMPLICIT_RETAIN_SELF = YES;
				CLANG_WARN_OBJC_LITERAL_CONVERSION = YES;
				CLANG_WARN_OBJC_ROOT_CLASS = YES_ERROR;
				CLANG_WARN_RANGE_LOOP_ANALYSIS = YES;
				CLANG_WARN_STRICT_PROTOTYPES = YES;
				CLANG_WARN_SUSPICIOUS_MOVE = YES;
				CLANG_WARN_UNGUARDED_AVAILABILITY = YES_AGGRESSIVE;
				CLANG_WARN_UNREACHABLE_CODE = YES;
				CLANG_WARN__DUPLICATE_METHOD_MATCH = YES;
				CODE_SIGN_IDENTITY = "iPhone Developer";
				COPY_PHASE_STRIP = NO;
				DEBUG_INFORMATION_FORMAT = "dwarf-with-dsym";
				ENABLE_NS_ASSERTIONS = NO;
				ENABLE_STRICT_OBJC_MSGSEND = YES;
				GCC_C_LANGUAGE_STANDARD = gnu11;
				GCC_NO_COMMON_BLOCKS = YES;
				GCC_WARN_64_TO_32_BIT_CONVERSION = YES;
				GCC_WARN_ABOUT_RETURN_TYPE = YES_ERROR;
				GCC_WARN_UNDECLARED_SELECTOR = YES;
				GCC_WARN_UNINITIALIZED_AUTOS = YES_AGGRESSIVE;
				GCC_WARN_UNUSED_FUNCTION = YES;
				GCC_WARN_UNUSED_VARIABLE = YES;
				IPHONEOS_DEPLOYMENT_TARGET = 11.3;
				MTL_ENABLE_DEBUG_INFO = NO;
				SDKROOT = iphoneos;
				SWIFT_COMPILATION_MODE = wholemodule;
				SWIFT_OPTIMIZATION_LEVEL = "-O";
				VALIDATE_PRODUCT = YES;
			};
			name = Release;
		};
		BCE29B562090F42B000752A8 /* Debug */ = {
			isa = XCBuildConfiguration;
			baseConfigurationReference = C7951F2AFF0A4A8366B10C19 /* Pods-Hackathon_Contas_SP_2018.debug.xcconfig */;
			buildSettings = {
				ASSETCATALOG_COMPILER_APPICON_NAME = AppIcon;
				CODE_SIGN_STYLE = Automatic;
				DEVELOPMENT_TEAM = 7984M9FF87;
				INFOPLIST_FILE = Hackathon_Contas_SP_2018/Info.plist;
				IPHONEOS_DEPLOYMENT_TARGET = 11.0;
				LD_RUNPATH_SEARCH_PATHS = (
					"$(inherited)",
					"@executable_path/Frameworks",
				);
				PRODUCT_BUNDLE_IDENTIFIER = "com.carlosdoki.Hackathon-Contas-SP-2018";
				PRODUCT_NAME = LiciTae;
				SWIFT_OBJC_BRIDGING_HEADER = "Hackathon_Contas_SP_2018/Bridging-Header.h";
				SWIFT_VERSION = 4.0;
				TARGETED_DEVICE_FAMILY = "1,2";
			};
			name = Debug;
		};
		BCE29B572090F42B000752A8 /* Release */ = {
			isa = XCBuildConfiguration;
			baseConfigurationReference = 949873D32ED5B55D7EDF4D98 /* Pods-Hackathon_Contas_SP_2018.release.xcconfig */;
			buildSettings = {
				ASSETCATALOG_COMPILER_APPICON_NAME = AppIcon;
				CODE_SIGN_STYLE = Automatic;
				DEVELOPMENT_TEAM = 7984M9FF87;
				INFOPLIST_FILE = Hackathon_Contas_SP_2018/Info.plist;
				IPHONEOS_DEPLOYMENT_TARGET = 11.0;
				LD_RUNPATH_SEARCH_PATHS = (
					"$(inherited)",
					"@executable_path/Frameworks",
				);
				PRODUCT_BUNDLE_IDENTIFIER = "com.carlosdoki.Hackathon-Contas-SP-2018";
				PRODUCT_NAME = LiciTae;
				SWIFT_OBJC_BRIDGING_HEADER = "Hackathon_Contas_SP_2018/Bridging-Header.h";
				SWIFT_VERSION = 4.0;
				TARGETED_DEVICE_FAMILY = "1,2";
			};
			name = Release;
		};
/* End XCBuildConfiguration section */

/* Begin XCConfigurationList section */
		BCE29B3E2090F429000752A8 /* Build configuration list for PBXProject "Hackathon_Contas_SP_2018" */ = {
			isa = XCConfigurationList;
			buildConfigurations = (
				BCE29B532090F42B000752A8 /* Debug */,
				BCE29B542090F42B000752A8 /* Release */,
			);
			defaultConfigurationIsVisible = 0;
			defaultConfigurationName = Release;
		};
		BCE29B552090F42B000752A8 /* Build configuration list for PBXNativeTarget "Hackathon_Contas_SP_2018" */ = {
			isa = XCConfigurationList;
			buildConfigurations = (
				BCE29B562090F42B000752A8 /* Debug */,
				BCE29B572090F42B000752A8 /* Release */,
			);
			defaultConfigurationIsVisible = 0;
			defaultConfigurationName = Release;
		};
/* End XCConfigurationList section */
	};
	rootObject = BCE29B3B2090F429000752A8 /* Project object */;
}
